
Microsoft Visual Studio Solution File, Format Version 12.00
# Visual Studio Version 17
VisualStudioVersion = 17.7.34221.43
MinimumVisualStudioVersion = 10.0.40219.1
Project("{9A19103F-16F7-4668-BE54-9A1E7A4F7556}") = "POSDesignDemo", "POSDesignDemo\POSDesignDemo.csproj", "{FE3C3781-DF18-4D50-B809-0B9CB877180E}"
EndProject
Project("{FAE04EC0-301F-11D3-BF4B-00C04F79EFBC}") = "ProductApi", "ProductApi\ProductApi.csproj", "{AA93A62D-912C-4150-8F9C-C6E10AE8BDF4}"
EndProject
Global
	GlobalSection(SolutionConfigurationPlatforms) = preSolution
		Debug|Any CPU = Debug|Any CPU
		Release|Any CPU = Release|Any CPU
	EndGlobalSection
	GlobalSection(ProjectConfigurationPlatforms) = postSolution
		{FE3C3781-DF18-4D50-B809-0B9CB877180E}.Debug|Any CPU.ActiveCfg = Debug|Any CPU
		{FE3C3781-DF18-4D50-B809-0B9CB877180E}.Debug|Any CPU.Build.0 = Debug|Any CPU
		{FE3C3781-DF18-4D50-B809-0B9CB877180E}.Release|Any CPU.ActiveCfg = Release|Any CPU
		{FE3C3781-DF18-4D50-B809-0B9CB877180E}.Release|Any CPU.Build.0 = Release|Any CPU
		{AA93A62D-912C-4150-8F9C-C6E10AE8BDF4}.Debug|Any CPU.ActiveCfg = Debug|Any CPU
		{AA93A62D-912C-4150-8F9C-C6E10AE8BDF4}.Debug|Any CPU.Build.0 = Debug|Any CPU
		{AA93A62D-912C-4150-8F9C-C6E10AE8BDF4}.Release|Any CPU.ActiveCfg = Release|Any CPU
		{AA93A62D-912C-4150-8F9C-C6E10AE8BDF4}.Release|Any CPU.Build.0 = Release|Any CPU
	EndGlobalSection
	GlobalSection(SolutionProperties) = preSolution
		HideSolutionNode = FALSE
	EndGlobalSection
	GlobalSection(ExtensibilityGlobals) = postSolution
		SolutionGuid = {241E399C-88C3-4F46-919E-CBD17A6F435A}
	EndGlobalSection
EndGlobal
