
Microsoft Visual Studio Solution File, Format Version 12.00
# Visual Studio Version 17
VisualStudioVersion = 17.7.34221.43
MinimumVisualStudioVersion = 10.0.40219.1
Project("{9A19103F-16F7-4668-BE54-9A1E7A4F7556}") = "POS.Api", "POSApi\POS.Api.csproj", "{AA26FCA7-6481-43DF-B9A5-E77EB18C8890}"
EndProject
Project("{9A19103F-16F7-4668-BE54-9A1E7A4F7556}") = "POS.Library", "POSLibrary\POS.Library.csproj", "{8097BEC9-1D43-47CC-89E7-DBF0BD7817B9}"
EndProject
Project("{9A19103F-16F7-4668-BE54-9A1E7A4F7556}") = "POS.UI", "POS.UI\POS.UI.csproj", "{1FD0C661-F74C-4D81-98CB-05A79ADCF403}"
EndProject
Global
	GlobalSection(SolutionConfigurationPlatforms) = preSolution
		Debug|Any CPU = Debug|Any CPU
		Release|Any CPU = Release|Any CPU
	EndGlobalSection
	GlobalSection(ProjectConfigurationPlatforms) = postSolution
		{AA26FCA7-6481-43DF-B9A5-E77EB18C8890}.Debug|Any CPU.ActiveCfg = Debug|Any CPU
		{AA26FCA7-6481-43DF-B9A5-E77EB18C8890}.Debug|Any CPU.Build.0 = Debug|Any CPU
		{AA26FCA7-6481-43DF-B9A5-E77EB18C8890}.Release|Any CPU.ActiveCfg = Release|Any CPU
		{AA26FCA7-6481-43DF-B9A5-E77EB18C8890}.Release|Any CPU.Build.0 = Release|Any CPU
		{8097BEC9-1D43-47CC-89E7-DBF0BD7817B9}.Debug|Any CPU.ActiveCfg = Debug|Any CPU
		{8097BEC9-1D43-47CC-89E7-DBF0BD7817B9}.Debug|Any CPU.Build.0 = Debug|Any CPU
		{8097BEC9-1D43-47CC-89E7-DBF0BD7817B9}.Release|Any CPU.ActiveCfg = Release|Any CPU
		{8097BEC9-1D43-47CC-89E7-DBF0BD7817B9}.Release|Any CPU.Build.0 = Release|Any CPU
		{1FD0C661-F74C-4D81-98CB-05A79ADCF403}.Debug|Any CPU.ActiveCfg = Debug|Any CPU
		{1FD0C661-F74C-4D81-98CB-05A79ADCF403}.Debug|Any CPU.Build.0 = Debug|Any CPU
		{1FD0C661-F74C-4D81-98CB-05A79ADCF403}.Release|Any CPU.ActiveCfg = Release|Any CPU
		{1FD0C661-F74C-4D81-98CB-05A79ADCF403}.Release|Any CPU.Build.0 = Release|Any CPU
	EndGlobalSection
	GlobalSection(SolutionProperties) = preSolution
		HideSolutionNode = FALSE
	EndGlobalSection
	GlobalSection(ExtensibilityGlobals) = postSolution
		SolutionGuid = {241E399C-88C3-4F46-919E-CBD17A6F435A}
	EndGlobalSection
EndGlobal
